
Microsoft Visual Studio Solution File, Format Version 12.00
# Visual Studio 15
VisualStudioVersion = 15.0.26730.16
MinimumVisualStudioVersion = 10.0.40219.1
Project("{FAE04EC0-301F-11D3-BF4B-00C04F79EFBC}") = "WithAuthAndDi", "WithAuthAndDi\WithAuthAndDi.csproj", "{4E8022FD-CB8A-447B-A6BD-42216E62666E}"
EndProject
Project("{FAE04EC0-301F-11D3-BF4B-00C04F79EFBC}") = "ProjectBusinessLogic", "ProjectBusinessLogic\ProjectBusinessLogic.csproj", "{1AA55D0C-12C8-43F3-AF0F-7AE073F8A6A5}"
EndProject
Project("{FAE04EC0-301F-11D3-BF4B-00C04F79EFBC}") = "ProjectData", "ProjectData\ProjectData.csproj", "{0A341FFD-ECD6-46D9-9C95-7C867F1AA527}"
EndProject
Global
	GlobalSection(SolutionConfigurationPlatforms) = preSolution
		Debug|Any CPU = Debug|Any CPU
		Release|Any CPU = Release|Any CPU
	EndGlobalSection
	GlobalSection(ProjectConfigurationPlatforms) = postSolution
		{4E8022FD-CB8A-447B-A6BD-42216E62666E}.Debug|Any CPU.ActiveCfg = Debug|Any CPU
		{4E8022FD-CB8A-447B-A6BD-42216E62666E}.Debug|Any CPU.Build.0 = Debug|Any CPU
		{4E8022FD-CB8A-447B-A6BD-42216E62666E}.Release|Any CPU.ActiveCfg = Release|Any CPU
		{4E8022FD-CB8A-447B-A6BD-42216E62666E}.Release|Any CPU.Build.0 = Release|Any CPU
		{1AA55D0C-12C8-43F3-AF0F-7AE073F8A6A5}.Debug|Any CPU.ActiveCfg = Debug|Any CPU
		{1AA55D0C-12C8-43F3-AF0F-7AE073F8A6A5}.Debug|Any CPU.Build.0 = Debug|Any CPU
		{1AA55D0C-12C8-43F3-AF0F-7AE073F8A6A5}.Release|Any CPU.ActiveCfg = Release|Any CPU
		{1AA55D0C-12C8-43F3-AF0F-7AE073F8A6A5}.Release|Any CPU.Build.0 = Release|Any CPU
		{0A341FFD-ECD6-46D9-9C95-7C867F1AA527}.Debug|Any CPU.ActiveCfg = Debug|Any CPU
		{0A341FFD-ECD6-46D9-9C95-7C867F1AA527}.Debug|Any CPU.Build.0 = Debug|Any CPU
		{0A341FFD-ECD6-46D9-9C95-7C867F1AA527}.Release|Any CPU.ActiveCfg = Release|Any CPU
		{0A341FFD-ECD6-46D9-9C95-7C867F1AA527}.Release|Any CPU.Build.0 = Release|Any CPU
	EndGlobalSection
	GlobalSection(SolutionProperties) = preSolution
		HideSolutionNode = FALSE
	EndGlobalSection
	GlobalSection(ExtensibilityGlobals) = postSolution
		SolutionGuid = {DC76699C-EFAA-4431-8794-140C0B80A09B}
	EndGlobalSection
EndGlobal
